github.com/gorilla/mux v1.8.1 h1:TuBL49tXwgrFYWhqrNgrUNEY92u81SPhu7sTdzQEiWY=
github.com/gorilla/mux v1.8.1/go.mod h1:AKf9I4AEqPTmMytcMc0KkNouC66V3BtZ4qD5fmWSiMQ=
github.com/stripe/stripe-go/v82 v82.1.0 h1:+05j4HAaC4vrkLo98e8CvJ3SeGVylij0kYPTOLeTYGg=
github.com/stripe/stripe-go/v82 v82.1.0/go.mod h1:majCQX6AfObAvJiHraPi/5udwHi4ojRvJnnxckvHrX8=
